// !$*UTF8*$!
{
	archiveVersion = 1;
	classes = {
	};
	objectVersion = 50;
	objects = {

/* Begin PBXBuildFile section */
		3523195E246BAB9E004EAE76 /* EditEmployeeViewController.swift in Sources */ = {isa = PBXBuildFile; fileRef = 3523195D246BAB9E004EAE76 /* EditEmployeeViewController.swift */; };
		35231960246BCCF6004EAE76 /* ManageLogViewController.swift in Sources */ = {isa = PBXBuildFile; fileRef = 3523195F246BCCF6004EAE76 /* ManageLogViewController.swift */; };
		35231962246C729C004EAE76 /* LogReportsViewController.swift in Sources */ = {isa = PBXBuildFile; fileRef = 35231961246C729C004EAE76 /* LogReportsViewController.swift */; };
		35231964246C7784004EAE76 /* LogModel.swift in Sources */ = {isa = PBXBuildFile; fileRef = 35231963246C7784004EAE76 /* LogModel.swift */; };
		35231966246C7859004EAE76 /* DownloadLogsModel.swift in Sources */ = {isa = PBXBuildFile; fileRef = 35231965246C7859004EAE76 /* DownloadLogsModel.swift */; };
		35231968246C861B004EAE76 /* EditLogViewController.swift in Sources */ = {isa = PBXBuildFile; fileRef = 35231967246C861B004EAE76 /* EditLogViewController.swift */; };
		354DBFAD246B60FB00C3018A /* AppDelegate.swift in Sources */ = {isa = PBXBuildFile; fileRef = 354DBFAC246B60FB00C3018A /* AppDelegate.swift */; };
		354DBFAF246B60FB00C3018A /* SceneDelegate.swift in Sources */ = {isa = PBXBuildFile; fileRef = 354DBFAE246B60FB00C3018A /* SceneDelegate.swift */; };
		354DBFB1246B60FB00C3018A /* ViewController.swift in Sources */ = {isa = PBXBuildFile; fileRef = 354DBFB0246B60FB00C3018A /* ViewController.swift */; };
		354DBFB4246B60FB00C3018A /* Main.storyboard in Resources */ = {isa = PBXBuildFile; fileRef = 354DBFB2246B60FB00C3018A /* Main.storyboard */; };
		354DBFB6246B60FF00C3018A /* Assets.xcassets in Resources */ = {isa = PBXBuildFile; fileRef = 354DBFB5246B60FF00C3018A /* Assets.xcassets */; };
		354DBFB9246B60FF00C3018A /* LaunchScreen.storyboard in Resources */ = {isa = PBXBuildFile; fileRef = 354DBFB7246B60FF00C3018A /* LaunchScreen.storyboard */; };
		354DBFC4246B60FF00C3018A /* timeTrackingTests.swift in Sources */ = {isa = PBXBuildFile; fileRef = 354DBFC3246B60FF00C3018A /* timeTrackingTests.swift */; };
		354DBFCF246B60FF00C3018A /* timeTrackingUITests.swift in Sources */ = {isa = PBXBuildFile; fileRef = 354DBFCE246B60FF00C3018A /* timeTrackingUITests.swift */; };
		354DBFDF246B745D00C3018A /* CreateEmployeeViewController.swift in Sources */ = {isa = PBXBuildFile; fileRef = 354DBFDE246B745D00C3018A /* CreateEmployeeViewController.swift */; };
		354DBFE1246B83F500C3018A /* ValidationModel.swift in Sources */ = {isa = PBXBuildFile; fileRef = 354DBFE0246B83F500C3018A /* ValidationModel.swift */; };
		354DBFE3246B9C5500C3018A /* DownloadEmployeesModel.swift in Sources */ = {isa = PBXBuildFile; fileRef = 354DBFE2246B9C5500C3018A /* DownloadEmployeesModel.swift */; };
		354DBFE5246B9C7100C3018A /* EmployeeModel.swift in Sources */ = {isa = PBXBuildFile; fileRef = 354DBFE4246B9C7100C3018A /* EmployeeModel.swift */; };
		354DBFE7246B9EFF00C3018A /* ManageEmployeeViewController.swift in Sources */ = {isa = PBXBuildFile; fileRef = 354DBFE6246B9EFF00C3018A /* ManageEmployeeViewController.swift */; };
/* End PBXBuildFile section */

/* Begin PBXContainerItemProxy section */
		354DBFC0246B60FF00C3018A /* PBXContainerItemProxy */ = {
			isa = PBXContainerItemProxy;
			containerPortal = 354DBFA1246B60FB00C3018A /* Project object */;
			proxyType = 1;
			remoteGlobalIDString = 354DBFA8246B60FB00C3018A;
			remoteInfo = timeTracking;
		};
		354DBFCB246B60FF00C3018A /* PBXContainerItemProxy */ = {
			isa = PBXContainerItemProxy;
			containerPortal = 354DBFA1246B60FB00C3018A /* Project object */;
			proxyType = 1;
			remoteGlobalIDString = 354DBFA8246B60FB00C3018A;
			remoteInfo = timeTracking;
		};
/* End PBXContainerItemProxy section */

/* Begin PBXFileReference section */
		3523195D246BAB9E004EAE76 /* EditEmployeeViewController.swift */ = {isa = PBXFileReference; lastKnownFileType = sourcecode.swift; path = EditEmployeeViewController.swift; sourceTree = "<group>"; };
		3523195F246BCCF6004EAE76 /* ManageLogViewController.swift */ = {isa = PBXFileReference; lastKnownFileType = sourcecode.swift; path = ManageLogViewController.swift; sourceTree = "<group>"; };
		35231961246C729C004EAE76 /* LogReportsViewController.swift */ = {isa = PBXFileReference; lastKnownFileType = sourcecode.swift; path = LogReportsViewController.swift; sourceTree = "<group>"; };
		35231963246C7784004EAE76 /* LogModel.swift */ = {isa = PBXFileReference; lastKnownFileType = sourcecode.swift; path = LogModel.swift; sourceTree = "<group>"; };
		35231965246C7859004EAE76 /* DownloadLogsModel.swift */ = {isa = PBXFileReference; lastKnownFileType = sourcecode.swift; path = DownloadLogsModel.swift; sourceTree = "<group>"; };
		35231967246C861B004EAE76 /* EditLogViewController.swift */ = {isa = PBXFileReference; lastKnownFileType = sourcecode.swift; path = EditLogViewController.swift; sourceTree = "<group>"; };
		354DBFA9246B60FB00C3018A /* timeTracking.app */ = {isa = PBXFileReference; explicitFileType = wrapper.application; includeInIndex = 0; path = timeTracking.app; sourceTree = BUILT_PRODUCTS_DIR; };
		354DBFAC246B60FB00C3018A /* AppDelegate.swift */ = {isa = PBXFileReference; lastKnownFileType = sourcecode.swift; path = AppDelegate.swift; sourceTree = "<group>"; };
		354DBFAE246B60FB00C3018A /* SceneDelegate.swift */ = {isa = PBXFileReference; lastKnownFileType = sourcecode.swift; path = SceneDelegate.swift; sourceTree = "<group>"; };
		354DBFB0246B60FB00C3018A /* ViewController.swift */ = {isa = PBXFileReference; lastKnownFileType = sourcecode.swift; path = ViewController.swift; sourceTree = "<group>"; };
		354DBFB3246B60FB00C3018A /* Base */ = {isa = PBXFileReference; lastKnownFileType = file.storyboard; name = Base; path = Base.lproj/Main.storyboard; sourceTree = "<group>"; };
		354DBFB5246B60FF00C3018A /* Assets.xcassets */ = {isa = PBXFileReference; lastKnownFileType = folder.assetcatalog; path = Assets.xcassets; sourceTree = "<group>"; };
		354DBFB8246B60FF00C3018A /* Base */ = {isa = PBXFileReference; lastKnownFileType = file.storyboard; name = Base; path = Base.lproj/LaunchScreen.storyboard; sourceTree = "<group>"; };
		354DBFBA246B60FF00C3018A /* Info.plist */ = {isa = PBXFileReference; lastKnownFileType = text.plist.xml; path = Info.plist; sourceTree = "<group>"; };
		354DBFBF246B60FF00C3018A /* timeTrackingTests.xctest */ = {isa = PBXFileReference; explicitFileType = wrapper.cfbundle; includeInIndex = 0; path = timeTrackingTests.xctest; sourceTree = BUILT_PRODUCTS_DIR; };
		354DBFC3246B60FF00C3018A /* timeTrackingTests.swift */ = {isa = PBXFileReference; lastKnownFileType = sourcecode.swift; path = timeTrackingTests.swift; sourceTree = "<group>"; };
		354DBFC5246B60FF00C3018A /* Info.plist */ = {isa = PBXFileReference; lastKnownFileType = text.plist.xml; path = Info.plist; sourceTree = "<group>"; };
		354DBFCA246B60FF00C3018A /* timeTrackingUITests.xctest */ = {isa = PBXFileReference; explicitFileType = wrapper.cfbundle; includeInIndex = 0; path = timeTrackingUITests.xctest; sourceTree = BUILT_PRODUCTS_DIR; };
		354DBFCE246B60FF00C3018A /* timeTrackingUITests.swift */ = {isa = PBXFileReference; lastKnownFileType = sourcecode.swift; path = timeTrackingUITests.swift; sourceTree = "<group>"; };
		354DBFD0246B60FF00C3018A /* Info.plist */ = {isa = PBXFileReference; lastKnownFileType = text.plist.xml; path = Info.plist; sourceTree = "<group>"; };
		354DBFDE246B745D00C3018A /* CreateEmployeeViewController.swift */ = {isa = PBXFileReference; lastKnownFileType = sourcecode.swift; path = CreateEmployeeViewController.swift; sourceTree = "<group>"; };
		354DBFE0246B83F500C3018A /* ValidationModel.swift */ = {isa = PBXFileReference; lastKnownFileType = sourcecode.swift; path = ValidationModel.swift; sourceTree = "<group>"; };
		354DBFE2246B9C5500C3018A /* DownloadEmployeesModel.swift */ = {isa = PBXFileReference; lastKnownFileType = sourcecode.swift; path = DownloadEmployeesModel.swift; sourceTree = "<group>"; };
		354DBFE4246B9C7100C3018A /* EmployeeModel.swift */ = {isa = PBXFileReference; lastKnownFileType = sourcecode.swift; path = EmployeeModel.swift; sourceTree = "<group>"; };
		354DBFE6246B9EFF00C3018A /* ManageEmployeeViewController.swift */ = {isa = PBXFileReference; lastKnownFileType = sourcecode.swift; path = ManageEmployeeViewController.swift; sourceTree = "<group>"; };
/* End PBXFileReference section */

/* Begin PBXFrameworksBuildPhase section */
		354DBFA6246B60FB00C3018A /* Frameworks */ = {
			isa = PBXFrameworksBuildPhase;
			buildActionMask = 2147483647;
			files = (
			);
			runOnlyForDeploymentPostprocessing = 0;
		};
		354DBFBC246B60FF00C3018A /* Frameworks */ = {
			isa = PBXFrameworksBuildPhase;
			buildActionMask = 2147483647;
			files = (
			);
			runOnlyForDeploymentPostprocessing = 0;
		};
		354DBFC7246B60FF00C3018A /* Frameworks */ = {
			isa = PBXFrameworksBuildPhase;
			buildActionMask = 2147483647;
			files = (
			);
			runOnlyForDeploymentPostprocessing = 0;
		};
/* End PBXFrameworksBuildPhase section */

/* Begin PBXGroup section */
		354DBFA0246B60FB00C3018A = {
			isa = PBXGroup;
			children = (
				354DBFAB246B60FB00C3018A /* timeTracking */,
				354DBFC2246B60FF00C3018A /* timeTrackingTests */,
				354DBFCD246B60FF00C3018A /* timeTrackingUITests */,
				354DBFAA246B60FB00C3018A /* Products */,
			);
			sourceTree = "<group>";
		};
		354DBFAA246B60FB00C3018A /* Products */ = {
			isa = PBXGroup;
			children = (
				354DBFA9246B60FB00C3018A /* timeTracking.app */,
				354DBFBF246B60FF00C3018A /* timeTrackingTests.xctest */,
				354DBFCA246B60FF00C3018A /* timeTrackingUITests.xctest */,
			);
			name = Products;
			sourceTree = "<group>";
		};
		354DBFAB246B60FB00C3018A /* timeTracking */ = {
			isa = PBXGroup;
			children = (
				354DBFAC246B60FB00C3018A /* AppDelegate.swift */,
				354DBFAE246B60FB00C3018A /* SceneDelegate.swift */,
				354DBFB0246B60FB00C3018A /* ViewController.swift */,
				354DBFB2246B60FB00C3018A /* Main.storyboard */,
				354DBFB5246B60FF00C3018A /* Assets.xcassets */,
				354DBFB7246B60FF00C3018A /* LaunchScreen.storyboard */,
				354DBFBA246B60FF00C3018A /* Info.plist */,
				354DBFDE246B745D00C3018A /* CreateEmployeeViewController.swift */,
				354DBFE0246B83F500C3018A /* ValidationModel.swift */,
				354DBFE2246B9C5500C3018A /* DownloadEmployeesModel.swift */,
				354DBFE4246B9C7100C3018A /* EmployeeModel.swift */,
				354DBFE6246B9EFF00C3018A /* ManageEmployeeViewController.swift */,
				3523195D246BAB9E004EAE76 /* EditEmployeeViewController.swift */,
				3523195F246BCCF6004EAE76 /* ManageLogViewController.swift */,
				35231961246C729C004EAE76 /* LogReportsViewController.swift */,
				35231963246C7784004EAE76 /* LogModel.swift */,
				35231965246C7859004EAE76 /* DownloadLogsModel.swift */,
				35231967246C861B004EAE76 /* EditLogViewController.swift */,
			);
			path = timeTracking;
			sourceTree = "<group>";
		};
		354DBFC2246B60FF00C3018A /* timeTrackingTests */ = {
			isa = PBXGroup;
			children = (
				354DBFC3246B60FF00C3018A /* timeTrackingTests.swift */,
				354DBFC5246B60FF00C3018A /* Info.plist */,
			);
			path = timeTrackingTests;
			sourceTree = "<group>";
		};
		354DBFCD246B60FF00C3018A /* timeTrackingUITests */ = {
			isa = PBXGroup;
			children = (
				354DBFCE246B60FF00C3018A /* timeTrackingUITests.swift */,
				354DBFD0246B60FF00C3018A /* Info.plist */,
			);
			path = timeTrackingUITests;
			sourceTree = "<group>";
		};
/* End PBXGroup section */

/* Begin PBXNativeTarget section */
		354DBFA8246B60FB00C3018A /* timeTracking */ = {
			isa = PBXNativeTarget;
			buildConfigurationList = 354DBFD3246B60FF00C3018A /* Build configuration list for PBXNativeTarget "timeTracking" */;
			buildPhases = (
				354DBFA5246B60FB00C3018A /* Sources */,
				354DBFA6246B60FB00C3018A /* Frameworks */,
				354DBFA7246B60FB00C3018A /* Resources */,
			);
			buildRules = (
			);
			dependencies = (
			);
			name = timeTracking;
			productName = timeTracking;
			productReference = 354DBFA9246B60FB00C3018A /* timeTracking.app */;
			productType = "com.apple.product-type.application";
		};
		354DBFBE246B60FF00C3018A /* timeTrackingTests */ = {
			isa = PBXNativeTarget;
			buildConfigurationList = 354DBFD6246B60FF00C3018A /* Build configuration list for PBXNativeTarget "timeTrackingTests" */;
			buildPhases = (
				354DBFBB246B60FF00C3018A /* Sources */,
				354DBFBC246B60FF00C3018A /* Frameworks */,
				354DBFBD246B60FF00C3018A /* Resources */,
			);
			buildRules = (
			);
			dependencies = (
				354DBFC1246B60FF00C3018A /* PBXTargetDependency */,
			);
			name = timeTrackingTests;
			productName = timeTrackingTests;
			productReference = 354DBFBF246B60FF00C3018A /* timeTrackingTests.xctest */;
			productType = "com.apple.product-type.bundle.unit-test";
		};
		354DBFC9246B60FF00C3018A /* timeTrackingUITests */ = {
			isa = PBXNativeTarget;
			buildConfigurationList = 354DBFD9246B60FF00C3018A /* Build configuration list for PBXNativeTarget "timeTrackingUITests" */;
			buildPhases = (
				354DBFC6246B60FF00C3018A /* Sources */,
				354DBFC7246B60FF00C3018A /* Frameworks */,
				354DBFC8246B60FF00C3018A /* Resources */,
			);
			buildRules = (
			);
			dependencies = (
				354DBFCC246B60FF00C3018A /* PBXTargetDependency */,
			);
			name = timeTrackingUITests;
			productName = timeTrackingUITests;
			productReference = 354DBFCA246B60FF00C3018A /* timeTrackingUITests.xctest */;
			productType = "com.apple.product-type.bundle.ui-testing";
		};
/* End PBXNativeTarget section */

/* Begin PBXProject section */
		354DBFA1246B60FB00C3018A /* Project object */ = {
			isa = PBXProject;
			attributes = {
				LastSwiftUpdateCheck = 1130;
				LastUpgradeCheck = 1130;
				ORGANIZATIONNAME = "Robbie Barnes";
				TargetAttributes = {
					354DBFA8246B60FB00C3018A = {
						CreatedOnToolsVersion = 11.3.1;
					};
					354DBFBE246B60FF00C3018A = {
						CreatedOnToolsVersion = 11.3.1;
						TestTargetID = 354DBFA8246B60FB00C3018A;
					};
					354DBFC9246B60FF00C3018A = {
						CreatedOnToolsVersion = 11.3.1;
						TestTargetID = 354DBFA8246B60FB00C3018A;
					};
				};
			};
			buildConfigurationList = 354DBFA4246B60FB00C3018A /* Build configuration list for PBXProject "timeTracking" */;
			compatibilityVersion = "Xcode 9.3";
			developmentRegion = en;
			hasScannedForEncodings = 0;
			knownRegions = (
				en,
				Base,
			);
			mainGroup = 354DBFA0246B60FB00C3018A;
			productRefGroup = 354DBFAA246B60FB00C3018A /* Products */;
			projectDirPath = "";
			projectRoot = "";
			targets = (
				354DBFA8246B60FB00C3018A /* timeTracking */,
				354DBFBE246B60FF00C3018A /* timeTrackingTests */,
				354DBFC9246B60FF00C3018A /* timeTrackingUITests */,
			);
		};
/* End PBXProject section */

/* Begin PBXResourcesBuildPhase section */
		354DBFA7246B60FB00C3018A /* Resources */ = {
			isa = PBXResourcesBuildPhase;
			buildActionMask = 2147483647;
			files = (
				354DBFB9246B60FF00C3018A /* LaunchScreen.storyboard in Resources */,
				354DBFB6246B60FF00C3018A /* Assets.xcassets in Resources */,
				354DBFB4246B60FB00C3018A /* Main.storyboard in Resources */,
			);
			runOnlyForDeploymentPostprocessing = 0;
		};
		354DBFBD246B60FF00C3018A /* Resources */ = {
			isa = PBXResourcesBuildPhase;
			buildActionMask = 2147483647;
			files = (
			);
			runOnlyForDeploymentPostprocessing = 0;
		};
		354DBFC8246B60FF00C3018A /* Resources */ = {
			isa = PBXResourcesBuildPhase;
			buildActionMask = 2147483647;
			files = (
			);
			runOnlyForDeploymentPostprocessing = 0;
		};
/* End PBXResourcesBuildPhase section */

/* Begin PBXSourcesBuildPhase section */
		354DBFA5246B60FB00C3018A /* Sources */ = {
			isa = PBXSourcesBuildPhase;
			buildActionMask = 2147483647;
			files = (
				3523195E246BAB9E004EAE76 /* EditEmployeeViewController.swift in Sources */,
				354DBFE5246B9C7100C3018A /* EmployeeModel.swift in Sources */,
				354DBFE7246B9EFF00C3018A /* ManageEmployeeViewController.swift in Sources */,
				354DBFDF246B745D00C3018A /* CreateEmployeeViewController.swift in Sources */,
				35231964246C7784004EAE76 /* LogModel.swift in Sources */,
				35231968246C861B004EAE76 /* EditLogViewController.swift in Sources */,
				35231966246C7859004EAE76 /* DownloadLogsModel.swift in Sources */,
				354DBFE3246B9C5500C3018A /* DownloadEmployeesModel.swift in Sources */,
				354DBFB1246B60FB00C3018A /* ViewController.swift in Sources */,
				354DBFAD246B60FB00C3018A /* AppDelegate.swift in Sources */,
				35231962246C729C004EAE76 /* LogReportsViewController.swift in Sources */,
				354DBFE1246B83F500C3018A /* ValidationModel.swift in Sources */,
				35231960246BCCF6004EAE76 /* ManageLogViewController.swift in Sources */,
				354DBFAF246B60FB00C3018A /* SceneDelegate.swift in Sources */,
			);
			runOnlyForDeploymentPostprocessing = 0;
		};
		354DBFBB246B60FF00C3018A /* Sources */ = {
			isa = PBXSourcesBuildPhase;
			buildActionMask = 2147483647;
			files = (
				354DBFC4246B60FF00C3018A /* timeTrackingTests.swift in Sources */,
			);
			runOnlyForDeploymentPostprocessing = 0;
		};
		354DBFC6246B60FF00C3018A /* Sources */ = {
			isa = PBXSourcesBuildPhase;
			buildActionMask = 2147483647;
			files = (
				354DBFCF246B60FF00C3018A /* timeTrackingUITests.swift in Sources */,
			);
			runOnlyForDeploymentPostprocessing = 0;
		};
/* End PBXSourcesBuildPhase section */

/* Begin PBXTargetDependency section */
		354DBFC1246B60FF00C3018A /* PBXTargetDependency */ = {
			isa = PBXTargetDependency;
			target = 354DBFA8246B60FB00C3018A /* timeTracking */;
			targetProxy = 354DBFC0246B60FF00C3018A /* PBXContainerItemProxy */;
		};
		354DBFCC246B60FF00C3018A /* PBXTargetDependency */ = {
			isa = PBXTargetDependency;
			target = 354DBFA8246B60FB00C3018A /* timeTracking */;
			targetProxy = 354DBFCB246B60FF00C3018A /* PBXContainerItemProxy */;
		};
/* End PBXTargetDependency section */

/* Begin PBXVariantGroup section */
		354DBFB2246B60FB00C3018A /* Main.storyboard */ = {
			isa = PBXVariantGroup;
			children = (
				354DBFB3246B60FB00C3018A /* Base */,
			);
			name = Main.storyboard;
			sourceTree = "<group>";
		};
		354DBFB7246B60FF00C3018A /* LaunchScreen.storyboard */ = {
			isa = PBXVariantGroup;
			children = (
				354DBFB8246B60FF00C3018A /* Base */,
			);
			name = LaunchScreen.storyboard;
			sourceTree = "<group>";
		};
/* End PBXVariantGroup section */

/* Begin XCBuildConfiguration section */
		354DBFD1246B60FF00C3018A /* Debug */ = {
			isa = XCBuildConfiguration;
			buildSettings = {
				ALWAYS_SEARCH_USER_PATHS = NO;
				CLANG_ANALYZER_NONNULL = YES;
				CLANG_ANALYZER_NUMBER_OBJECT_CONVERSION = YES_AGGRESSIVE;
				CLANG_CXX_LANGUAGE_STANDARD = "gnu++14";
				CLANG_CXX_LIBRARY = "libc++";
				CLANG_ENABLE_MODULES = YES;
				CLANG_ENABLE_OBJC_ARC = YES;
				CLANG_ENABLE_OBJC_WEAK = YES;
				CLANG_WARN_BLOCK_CAPTURE_AUTORELEASING = YES;
				CLANG_WARN_BOOL_CONVERSION = YES;
				CLANG_WARN_COMMA = YES;
				CLANG_WARN_CONSTANT_CONVERSION = YES;
				CLANG_WARN_DEPRECATED_OBJC_IMPLEMENTATIONS = YES;
				CLANG_WARN_DIRECT_OBJC_ISA_USAGE = YES_ERROR;
				CLANG_WARN_DOCUMENTATION_COMMENTS = YES;
				CLANG_WARN_EMPTY_BODY = YES;
				CLANG_WARN_ENUM_CONVERSION = YES;
				CLANG_WARN_INFINITE_RECURSION = YES;
				CLANG_WARN_INT_CONVERSION = YES;
				CLANG_WARN_NON_LITERAL_NULL_CONVERSION = YES;
				CLANG_WARN_OBJC_IMPLICIT_RETAIN_SELF = YES;
				CLANG_WARN_OBJC_LITERAL_CONVERSION = YES;
				CLANG_WARN_OBJC_ROOT_CLASS = YES_ERROR;
				CLANG_WARN_RANGE_LOOP_ANALYSIS = YES;
				CLANG_WARN_STRICT_PROTOTYPES = YES;
				CLANG_WARN_SUSPICIOUS_MOVE = YES;
				CLANG_WARN_UNGUARDED_AVAILABILITY = YES_AGGRESSIVE;
				CLANG_WARN_UNREACHABLE_CODE = YES;
				CLANG_WARN__DUPLICATE_METHOD_MATCH = YES;
				COPY_PHASE_STRIP = NO;
				DEBUG_INFORMATION_FORMAT = dwarf;
				ENABLE_STRICT_OBJC_MSGSEND = YES;
				ENABLE_TESTABILITY = YES;
				GCC_C_LANGUAGE_STANDARD = gnu11;
				GCC_DYNAMIC_NO_PIC = NO;
				GCC_NO_COMMON_BLOCKS = YES;
				GCC_OPTIMIZATION_LEVEL = 0;
				GCC_PREPROCESSOR_DEFINITIONS = (
					"DEBUG=1",
					"$(inherited)",
				);
				GCC_WARN_64_TO_32_BIT_CONVERSION = YES;
				GCC_WARN_ABOUT_RETURN_TYPE = YES_ERROR;
				GCC_WARN_UNDECLARED_SELECTOR = YES;
				GCC_WARN_UNINITIALIZED_AUTOS = YES_AGGRESSIVE;
				GCC_WARN_UNUSED_FUNCTION = YES;
				GCC_WARN_UNUSED_VARIABLE = YES;
				IPHONEOS_DEPLOYMENT_TARGET = 13.2;
				MTL_ENABLE_DEBUG_INFO = INCLUDE_SOURCE;
				MTL_FAST_MATH = YES;
				ONLY_ACTIVE_ARCH = YES;
				SDKROOT = iphoneos;
				SWIFT_ACTIVE_COMPILATION_CONDITIONS = DEBUG;
				SWIFT_OPTIMIZATION_LEVEL = "-Onone";
			};
			name = Debug;
		};
		354DBFD2246B60FF00C3018A /* Release */ = {
			isa = XCBuildConfiguration;
			buildSettings = {
				ALWAYS_SEARCH_USER_PATHS = NO;
				CLANG_ANALYZER_NONNULL = YES;
				CLANG_ANALYZER_NUMBER_OBJECT_CONVERSION = YES_AGGRESSIVE;
				CLANG_CXX_LANGUAGE_STANDARD = "gnu++14";
				CLANG_CXX_LIBRARY = "libc++";
				CLANG_ENABLE_MODULES = YES;
				CLANG_ENABLE_OBJC_ARC = YES;
				CLANG_ENABLE_OBJC_WEAK = YES;
				CLANG_WARN_BLOCK_CAPTURE_AUTORELEASING = YES;
				CLANG_WARN_BOOL_CONVERSION = YES;
				CLANG_WARN_COMMA = YES;
				CLANG_WARN_CONSTANT_CONVERSION = YES;
				CLANG_WARN_DEPRECATED_OBJC_IMPLEMENTATIONS = YES;
				CLANG_WARN_DIRECT_OBJC_ISA_USAGE = YES_ERROR;
				CLANG_WARN_DOCUMENTATION_COMMENTS = YES;
				CLANG_WARN_EMPTY_BODY = YES;
				CLANG_WARN_ENUM_CONVERSION = YES;
				CLANG_WARN_INFINITE_RECURSION = YES;
				CLANG_WARN_INT_CONVERSION = YES;
				CLANG_WARN_NON_LITERAL_NULL_CONVERSION = YES;
				CLANG_WARN_OBJC_IMPLICIT_RETAIN_SELF = YES;
				CLANG_WARN_OBJC_LITERAL_CONVERSION = YES;
				CLANG_WARN_OBJC_ROOT_CLASS = YES_ERROR;
				CLANG_WARN_RANGE_LOOP_ANALYSIS = YES;
				CLANG_WARN_STRICT_PROTOTYPES = YES;
				CLANG_WARN_SUSPICIOUS_MOVE = YES;
				CLANG_WARN_UNGUARDED_AVAILABILITY = YES_AGGRESSIVE;
				CLANG_WARN_UNREACHABLE_CODE = YES;
				CLANG_WARN__DUPLICATE_METHOD_MATCH = YES;
				COPY_PHASE_STRIP = NO;
				DEBUG_INFORMATION_FORMAT = "dwarf-with-dsym";
				ENABLE_NS_ASSERTIONS = NO;
				ENABLE_STRICT_OBJC_MSGSEND = YES;
				GCC_C_LANGUAGE_STANDARD = gnu11;
				GCC_NO_COMMON_BLOCKS = YES;
				GCC_WARN_64_TO_32_BIT_CONVERSION = YES;
				GCC_WARN_ABOUT_RETURN_TYPE = YES_ERROR;
				GCC_WARN_UNDECLARED_SELECTOR = YES;
				GCC_WARN_UNINITIALIZED_AUTOS = YES_AGGRESSIVE;
				GCC_WARN_UNUSED_FUNCTION = YES;
				GCC_WARN_UNUSED_VARIABLE = YES;
				IPHONEOS_DEPLOYMENT_TARGET = 13.2;
				MTL_ENABLE_DEBUG_INFO = NO;
				MTL_FAST_MATH = YES;
				SDKROOT = iphoneos;
				SWIFT_COMPILATION_MODE = wholemodule;
				SWIFT_OPTIMIZATION_LEVEL = "-O";
				VALIDATE_PRODUCT = YES;
			};
			name = Release;
		};
		354DBFD4246B60FF00C3018A /* Debug */ = {
			isa = XCBuildConfiguration;
			buildSettings = {
				ASSETCATALOG_COMPILER_APPICON_NAME = AppIcon;
				CODE_SIGN_STYLE = Automatic;
				INFOPLIST_FILE = timeTracking/Info.plist;
				LD_RUNPATH_SEARCH_PATHS = (
					"$(inherited)",
					"@executable_path/Frameworks",
				);
				PRODUCT_BUNDLE_IDENTIFIER = rojbarne.timeTracking;
				PRODUCT_NAME = "$(TARGET_NAME)";
				SWIFT_VERSION = 5.0;
				TARGETED_DEVICE_FAMILY = "1,2";
			};
			name = Debug;
		};
		354DBFD5246B60FF00C3018A /* Release */ = {
			isa = XCBuildConfiguration;
			buildSettings = {
				ASSETCATALOG_COMPILER_APPICON_NAME = AppIcon;
				CODE_SIGN_STYLE = Automatic;
				INFOPLIST_FILE = timeTracking/Info.plist;
				LD_RUNPATH_SEARCH_PATHS = (
					"$(inherited)",
					"@executable_path/Frameworks",
				);
				PRODUCT_BUNDLE_IDENTIFIER = rojbarne.timeTracking;
				PRODUCT_NAME = "$(TARGET_NAME)";
				SWIFT_VERSION = 5.0;
				TARGETED_DEVICE_FAMILY = "1,2";
			};
			name = Release;
		};
		354DBFD7246B60FF00C3018A /* Debug */ = {
			isa = XCBuildConfiguration;
			buildSettings = {
				ALWAYS_EMBED_SWIFT_STANDARD_LIBRARIES = YES;
				BUNDLE_LOADER = "$(TEST_HOST)";
				CODE_SIGN_STYLE = Automatic;
				INFOPLIST_FILE = timeTrackingTests/Info.plist;
				IPHONEOS_DEPLOYMENT_TARGET = 13.2;
				LD_RUNPATH_SEARCH_PATHS = (
					"$(inherited)",
					"@executable_path/Frameworks",
					"@loader_path/Frameworks",
				);
				PRODUCT_BUNDLE_IDENTIFIER = rojbarne.timeTrackingTests;
				PRODUCT_NAME = "$(TARGET_NAME)";
				SWIFT_VERSION = 5.0;
				TARGETED_DEVICE_FAMILY = "1,2";
				TEST_HOST = "$(BUILT_PRODUCTS_DIR)/timeTracking.app/timeTracking";
			};
			name = Debug;
		};
		354DBFD8246B60FF00C3018A /* Release */ = {
			isa = XCBuildConfiguration;
			buildSettings = {
				ALWAYS_EMBED_SWIFT_STANDARD_LIBRARIES = YES;
				BUNDLE_LOADER = "$(TEST_HOST)";
				CODE_SIGN_STYLE = Automatic;
				INFOPLIST_FILE = timeTrackingTests/Info.plist;
				IPHONEOS_DEPLOYMENT_TARGET = 13.2;
				LD_RUNPATH_SEARCH_PATHS = (
					"$(inherited)",
					"@executable_path/Frameworks",
					"@loader_path/Frameworks",
				);
				PRODUCT_BUNDLE_IDENTIFIER = rojbarne.timeTrackingTests;
				PRODUCT_NAME = "$(TARGET_NAME)";
				SWIFT_VERSION = 5.0;
				TARGETED_DEVICE_FAMILY = "1,2";
				TEST_HOST = "$(BUILT_PRODUCTS_DIR)/timeTracking.app/timeTracking";
			};
			name = Release;
		};
		354DBFDA246B60FF00C3018A /* Debug */ = {
			isa = XCBuildConfiguration;
			buildSettings = {
				ALWAYS_EMBED_SWIFT_STANDARD_LIBRARIES = YES;
				CODE_SIGN_STYLE = Automatic;
				INFOPLIST_FILE = timeTrackingUITests/Info.plist;
				LD_RUNPATH_SEARCH_PATHS = (
					"$(inherited)",
					"@executable_path/Frameworks",
					"@loader_path/Frameworks",
				);
				PRODUCT_BUNDLE_IDENTIFIER = rojbarne.timeTrackingUITests;
				PRODUCT_NAME = "$(TARGET_NAME)";
				SWIFT_VERSION = 5.0;
				TARGETED_DEVICE_FAMILY = "1,2";
				TEST_TARGET_NAME = timeTracking;
			};
			name = Debug;
		};
		354DBFDB246B60FF00C3018A /* Release */ = {
			isa = XCBuildConfiguration;
			buildSettings = {
				ALWAYS_EMBED_SWIFT_STANDARD_LIBRARIES = YES;
				CODE_SIGN_STYLE = Automatic;
				INFOPLIST_FILE = timeTrackingUITests/Info.plist;
				LD_RUNPATH_SEARCH_PATHS = (
					"$(inherited)",
					"@executable_path/Frameworks",
					"@loader_path/Frameworks",
				);
				PRODUCT_BUNDLE_IDENTIFIER = rojbarne.timeTrackingUITests;
				PRODUCT_NAME = "$(TARGET_NAME)";
				SWIFT_VERSION = 5.0;
				TARGETED_DEVICE_FAMILY = "1,2";
				TEST_TARGET_NAME = timeTracking;
			};
			name = Release;
		};
/* End XCBuildConfiguration section */

/* Begin XCConfigurationList section */
		354DBFA4246B60FB00C3018A /* Build configuration list for PBXProject "timeTracking" */ = {
			isa = XCConfigurationList;
			buildConfigurations = (
				354DBFD1246B60FF00C3018A /* Debug */,
				354DBFD2246B60FF00C3018A /* Release */,
			);
			defaultConfigurationIsVisible = 0;
			defaultConfigurationName = Release;
		};
		354DBFD3246B60FF00C3018A /* Build configuration list for PBXNativeTarget "timeTracking" */ = {
			isa = XCConfigurationList;
			buildConfigurations = (
				354DBFD4246B60FF00C3018A /* Debug */,
				354DBFD5246B60FF00C3018A /* Release */,
			);
			defaultConfigurationIsVisible = 0;
			defaultConfigurationName = Release;
		};
		354DBFD6246B60FF00C3018A /* Build configuration list for PBXNativeTarget "timeTrackingTests" */ = {
			isa = XCConfigurationList;
			buildConfigurations = (
				354DBFD7246B60FF00C3018A /* Debug */,
				354DBFD8246B60FF00C3018A /* Release */,
			);
			defaultConfigurationIsVisible = 0;
			defaultConfigurationName = Release;
		};
		354DBFD9246B60FF00C3018A /* Build configuration list for PBXNativeTarget "timeTrackingUITests" */ = {
			isa = XCConfigurationList;
			buildConfigurations = (
				354DBFDA246B60FF00C3018A /* Debug */,
				354DBFDB246B60FF00C3018A /* Release */,
			);
			defaultConfigurationIsVisible = 0;
			defaultConfigurationName = Release;
		};
/* End XCConfigurationList section */
	};
	rootObject = 354DBFA1246B60FB00C3018A /* Project object */;
}
